
Microsoft Visual Studio Solution File, Format Version 12.00
# Visual Studio 15
VisualStudioVersion = 15.0.27130.2010
MinimumVisualStudioVersion = 10.0.40219.1
Project("{FAE04EC0-301F-11D3-BF4B-00C04F79EFBC}") = "Gadz.Staff.Agenda.Web", "Gadz.Staff.Agenda.Web\Gadz.Staff.Agenda.Web.csproj", "{A2AF3688-6D0D-4A5D-AF9C-463B202BBB23}"
EndProject
Global
	GlobalSection(SolutionConfigurationPlatforms) = preSolution
		Debug|Any CPU = Debug|Any CPU
		Release|Any CPU = Release|Any CPU
	EndGlobalSection
	GlobalSection(ProjectConfigurationPlatforms) = postSolution
		{A2AF3688-6D0D-4A5D-AF9C-463B202BBB23}.Debug|Any CPU.ActiveCfg = Debug|Any CPU
		{A2AF3688-6D0D-4A5D-AF9C-463B202BBB23}.Debug|Any CPU.Build.0 = Debug|Any CPU
		{A2AF3688-6D0D-4A5D-AF9C-463B202BBB23}.Release|Any CPU.ActiveCfg = Release|Any CPU
		{A2AF3688-6D0D-4A5D-AF9C-463B202BBB23}.Release|Any CPU.Build.0 = Release|Any CPU
	EndGlobalSection
	GlobalSection(SolutionProperties) = preSolution
		HideSolutionNode = FALSE
	EndGlobalSection
	GlobalSection(ExtensibilityGlobals) = postSolution
		SolutionGuid = {6127D3F3-D11B-442B-9FE4-8D6111C4886F}
	EndGlobalSection
EndGlobal
